
Microsoft Visual Studio Solution File, Format Version 12.00
# Visual Studio Version 16
VisualStudioVersion = 16.0.30413.136
MinimumVisualStudioVersion = 10.0.40219.1
Project("{FAE04EC0-301F-11D3-BF4B-00C04F79EFBC}") = "MakrotouchControl2", "MakrotouchControl2\MakrotouchControl2.csproj", "{0FB5D05D-B20B-4B99-94ED-5525E8FB8071}"
EndProject
Global
	GlobalSection(SolutionConfigurationPlatforms) = preSolution
		Debug|Any CPU = Debug|Any CPU
		Release|Any CPU = Release|Any CPU
	EndGlobalSection
	GlobalSection(ProjectConfigurationPlatforms) = postSolution
		{0FB5D05D-B20B-4B99-94ED-5525E8FB8071}.Debug|Any CPU.ActiveCfg = Debug|Any CPU
		{0FB5D05D-B20B-4B99-94ED-5525E8FB8071}.Debug|Any CPU.Build.0 = Debug|Any CPU
		{0FB5D05D-B20B-4B99-94ED-5525E8FB8071}.Release|Any CPU.ActiveCfg = Release|Any CPU
		{0FB5D05D-B20B-4B99-94ED-5525E8FB8071}.Release|Any CPU.Build.0 = Release|Any CPU
	EndGlobalSection
	GlobalSection(SolutionProperties) = preSolution
		HideSolutionNode = FALSE
	EndGlobalSection
	GlobalSection(ExtensibilityGlobals) = postSolution
		SolutionGuid = {2C23ECDF-4B17-4FF0-9C96-BB8BBD13D6D5}
	EndGlobalSection
EndGlobal
